
Microsoft Visual Studio Solution File, Format Version 12.00
# Visual Studio 14
VisualStudioVersion = 14.0.25420.1
MinimumVisualStudioVersion = 10.0.40219.1
Project("{8BC9CEB8-8B4A-11D0-8D11-00A0C91BC942}") = "Strategy", "Strategy\Strategy.vcxproj", "{6CE7CA30-7290-4F97-87FA-3074D50C110B}"
EndProject
Project("{8BC9CEB8-8B4A-11D0-8D11-00A0C91BC942}") = "Observer", "Observer\Observer.vcxproj", "{416CA336-22EE-4FB4-BB32-16F9B722AF33}"
EndProject
Project("{8BC9CEB8-8B4A-11D0-8D11-00A0C91BC942}") = "Decorator", "Decorator\Decorator.vcxproj", "{2D6CEEFB-CFB9-4530-8256-92E22DDB5E81}"
EndProject
Project("{8BC9CEB8-8B4A-11D0-8D11-00A0C91BC942}") = "AbstractFactory", "AbstractFactory\AbstractFactory.vcxproj", "{FD084FF4-A56A-43A1-824C-6BFF655126D3}"
EndProject
Project("{8BC9CEB8-8B4A-11D0-8D11-00A0C91BC942}") = "Command", "Command\Command.vcxproj", "{E709E944-8D48-4435-83E1-332F0C3CA37D}"
EndProject
Project("{8BC9CEB8-8B4A-11D0-8D11-00A0C91BC942}") = "Adapter", "Adapter\Adapter.vcxproj", "{E88258A7-5F97-46AA-B060-5905C86FA8AB}"
EndProject
Project("{8BC9CEB8-8B4A-11D0-8D11-00A0C91BC942}") = "Facade", "Facade\Facade.vcxproj", "{54541F1B-6FBC-4069-83C1-FE1850704791}"
EndProject
Project("{8BC9CEB8-8B4A-11D0-8D11-00A0C91BC942}") = "FactoryMethod", "FactoryMethod\FactoryMethod.vcxproj", "{031DABE6-A00E-4D96-A0F0-BAFEC0A1EECA}"
EndProject
Project("{8BC9CEB8-8B4A-11D0-8D11-00A0C91BC942}") = "State", "State\State.vcxproj", "{EDA6E465-3587-4C45-8249-31806A052C36}"
EndProject
Global
	GlobalSection(SolutionConfigurationPlatforms) = preSolution
		Debug|x64 = Debug|x64
		Debug|x86 = Debug|x86
		Release|x64 = Release|x64
		Release|x86 = Release|x86
	EndGlobalSection
	GlobalSection(ProjectConfigurationPlatforms) = postSolution
		{6CE7CA30-7290-4F97-87FA-3074D50C110B}.Debug|x64.ActiveCfg = Debug|x64
		{6CE7CA30-7290-4F97-87FA-3074D50C110B}.Debug|x64.Build.0 = Debug|x64
		{6CE7CA30-7290-4F97-87FA-3074D50C110B}.Debug|x86.ActiveCfg = Debug|Win32
		{6CE7CA30-7290-4F97-87FA-3074D50C110B}.Debug|x86.Build.0 = Debug|Win32
		{6CE7CA30-7290-4F97-87FA-3074D50C110B}.Release|x64.ActiveCfg = Release|x64
		{6CE7CA30-7290-4F97-87FA-3074D50C110B}.Release|x64.Build.0 = Release|x64
		{6CE7CA30-7290-4F97-87FA-3074D50C110B}.Release|x86.ActiveCfg = Release|Win32
		{6CE7CA30-7290-4F97-87FA-3074D50C110B}.Release|x86.Build.0 = Release|Win32
		{416CA336-22EE-4FB4-BB32-16F9B722AF33}.Debug|x64.ActiveCfg = Debug|x64
		{416CA336-22EE-4FB4-BB32-16F9B722AF33}.Debug|x64.Build.0 = Debug|x64
		{416CA336-22EE-4FB4-BB32-16F9B722AF33}.Debug|x86.ActiveCfg = Debug|Win32
		{416CA336-22EE-4FB4-BB32-16F9B722AF33}.Debug|x86.Build.0 = Debug|Win32
		{416CA336-22EE-4FB4-BB32-16F9B722AF33}.Release|x64.ActiveCfg = Release|x64
		{416CA336-22EE-4FB4-BB32-16F9B722AF33}.Release|x64.Build.0 = Release|x64
		{416CA336-22EE-4FB4-BB32-16F9B722AF33}.Release|x86.ActiveCfg = Release|Win32
		{416CA336-22EE-4FB4-BB32-16F9B722AF33}.Release|x86.Build.0 = Release|Win32
		{2D6CEEFB-CFB9-4530-8256-92E22DDB5E81}.Debug|x64.ActiveCfg = Debug|x64
		{2D6CEEFB-CFB9-4530-8256-92E22DDB5E81}.Debug|x64.Build.0 = Debug|x64
		{2D6CEEFB-CFB9-4530-8256-92E22DDB5E81}.Debug|x86.ActiveCfg = Debug|Win32
		{2D6CEEFB-CFB9-4530-8256-92E22DDB5E81}.Debug|x86.Build.0 = Debug|Win32
		{2D6CEEFB-CFB9-4530-8256-92E22DDB5E81}.Release|x64.ActiveCfg = Release|x64
		{2D6CEEFB-CFB9-4530-8256-92E22DDB5E81}.Release|x64.Build.0 = Release|x64
		{2D6CEEFB-CFB9-4530-8256-92E22DDB5E81}.Release|x86.ActiveCfg = Release|Win32
		{2D6CEEFB-CFB9-4530-8256-92E22DDB5E81}.Release|x86.Build.0 = Release|Win32
		{FD084FF4-A56A-43A1-824C-6BFF655126D3}.Debug|x64.ActiveCfg = Debug|x64
		{FD084FF4-A56A-43A1-824C-6BFF655126D3}.Debug|x64.Build.0 = Debug|x64
		{FD084FF4-A56A-43A1-824C-6BFF655126D3}.Debug|x86.ActiveCfg = Debug|Win32
		{FD084FF4-A56A-43A1-824C-6BFF655126D3}.Debug|x86.Build.0 = Debug|Win32
		{FD084FF4-A56A-43A1-824C-6BFF655126D3}.Release|x64.ActiveCfg = Release|x64
		{FD084FF4-A56A-43A1-824C-6BFF655126D3}.Release|x64.Build.0 = Release|x64
		{FD084FF4-A56A-43A1-824C-6BFF655126D3}.Release|x86.ActiveCfg = Release|Win32
		{FD084FF4-A56A-43A1-824C-6BFF655126D3}.Release|x86.Build.0 = Release|Win32
		{E709E944-8D48-4435-83E1-332F0C3CA37D}.Debug|x64.ActiveCfg = Debug|x64
		{E709E944-8D48-4435-83E1-332F0C3CA37D}.Debug|x64.Build.0 = Debug|x64
		{E709E944-8D48-4435-83E1-332F0C3CA37D}.Debug|x86.ActiveCfg = Debug|Win32
		{E709E944-8D48-4435-83E1-332F0C3CA37D}.Debug|x86.Build.0 = Debug|Win32
		{E709E944-8D48-4435-83E1-332F0C3CA37D}.Release|x64.ActiveCfg = Release|x64
		{E709E944-8D48-4435-83E1-332F0C3CA37D}.Release|x64.Build.0 = Release|x64
		{E709E944-8D48-4435-83E1-332F0C3CA37D}.Release|x86.ActiveCfg = Release|Win32
		{E709E944-8D48-4435-83E1-332F0C3CA37D}.Release|x86.Build.0 = Release|Win32
		{E88258A7-5F97-46AA-B060-5905C86FA8AB}.Debug|x64.ActiveCfg = Debug|x64
		{E88258A7-5F97-46AA-B060-5905C86FA8AB}.Debug|x64.Build.0 = Debug|x64
		{E88258A7-5F97-46AA-B060-5905C86FA8AB}.Debug|x86.ActiveCfg = Debug|Win32
		{E88258A7-5F97-46AA-B060-5905C86FA8AB}.Debug|x86.Build.0 = Debug|Win32
		{E88258A7-5F97-46AA-B060-5905C86FA8AB}.Release|x64.ActiveCfg = Release|x64
		{E88258A7-5F97-46AA-B060-5905C86FA8AB}.Release|x64.Build.0 = Release|x64
		{E88258A7-5F97-46AA-B060-5905C86FA8AB}.Release|x86.ActiveCfg = Release|Win32
		{E88258A7-5F97-46AA-B060-5905C86FA8AB}.Release|x86.Build.0 = Release|Win32
		{54541F1B-6FBC-4069-83C1-FE1850704791}.Debug|x64.ActiveCfg = Debug|x64
		{54541F1B-6FBC-4069-83C1-FE1850704791}.Debug|x64.Build.0 = Debug|x64
		{54541F1B-6FBC-4069-83C1-FE1850704791}.Debug|x86.ActiveCfg = Debug|Win32
		{54541F1B-6FBC-4069-83C1-FE1850704791}.Debug|x86.Build.0 = Debug|Win32
		{54541F1B-6FBC-4069-83C1-FE1850704791}.Release|x64.ActiveCfg = Release|x64
		{54541F1B-6FBC-4069-83C1-FE1850704791}.Release|x64.Build.0 = Release|x64
		{54541F1B-6FBC-4069-83C1-FE1850704791}.Release|x86.ActiveCfg = Release|Win32
		{54541F1B-6FBC-4069-83C1-FE1850704791}.Release|x86.Build.0 = Release|Win32
		{031DABE6-A00E-4D96-A0F0-BAFEC0A1EECA}.Debug|x64.ActiveCfg = Debug|x64
		{031DABE6-A00E-4D96-A0F0-BAFEC0A1EECA}.Debug|x64.Build.0 = Debug|x64
		{031DABE6-A00E-4D96-A0F0-BAFEC0A1EECA}.Debug|x86.ActiveCfg = Debug|Win32
		{031DABE6-A00E-4D96-A0F0-BAFEC0A1EECA}.Debug|x86.Build.0 = Debug|Win32
		{031DABE6-A00E-4D96-A0F0-BAFEC0A1EECA}.Release|x64.ActiveCfg = Release|x64
		{031DABE6-A00E-4D96-A0F0-BAFEC0A1EECA}.Release|x64.Build.0 = Release|x64
		{031DABE6-A00E-4D96-A0F0-BAFEC0A1EECA}.Release|x86.ActiveCfg = Release|Win32
		{031DABE6-A00E-4D96-A0F0-BAFEC0A1EECA}.Release|x86.Build.0 = Release|Win32
		{EDA6E465-3587-4C45-8249-31806A052C36}.Debug|x64.ActiveCfg = Debug|x64
		{EDA6E465-3587-4C45-8249-31806A052C36}.Debug|x64.Build.0 = Debug|x64
		{EDA6E465-3587-4C45-8249-31806A052C36}.Debug|x86.ActiveCfg = Debug|Win32
		{EDA6E465-3587-4C45-8249-31806A052C36}.Debug|x86.Build.0 = Debug|Win32
		{EDA6E465-3587-4C45-8249-31806A052C36}.Release|x64.ActiveCfg = Release|x64
		{EDA6E465-3587-4C45-8249-31806A052C36}.Release|x64.Build.0 = Release|x64
		{EDA6E465-3587-4C45-8249-31806A052C36}.Release|x86.ActiveCfg = Release|Win32
		{EDA6E465-3587-4C45-8249-31806A052C36}.Release|x86.Build.0 = Release|Win32
	EndGlobalSection
	GlobalSection(SolutionProperties) = preSolution
		HideSolutionNode = FALSE
	EndGlobalSection
EndGlobal
