<?xml version="1.0" encoding="utf-8"?>
<Project ToolsVersion="4.0" xmlns="http://schemas.microsoft.com/developer/msbuild/2003">
  <ItemGroup>
    <Filter Include="Source Files">
      <UniqueIdentifier>{4FC737F1-C7A5-4376-A066-2A32D752A2FF}</UniqueIdentifier>
      <Extensions>cpp;c;cc;cxx;def;odl;idl;hpj;bat;asm;asmx</Extensions>
    </Filter>
    <Filter Include="Header Files">
      <UniqueIdentifier>{93995380-89BD-4b04-88EB-625FBE52EBFB}</UniqueIdentifier>
      <Extensions>h;hh;hpp;hxx;hm;inl;inc;xsd</Extensions>
    </Filter>
    <Filter Include="Resource Files">
      <UniqueIdentifier>{67DA6AB6-F800-4c08-8B7A-83BB121AAD01}</UniqueIdentifier>
      <Extensions>rc;ico;cur;bmp;dlg;rc2;rct;bin;rgs;gif;jpg;jpeg;jpe;resx;tiff;tif;png;wav;mfcribbon-ms</Extensions>
    </Filter>
  </ItemGroup>
  <ItemGroup>
    <ClCompile Include="main.cxx">
      <Filter>Source Files</Filter>
    </ClCompile>
    <ClCompile Include="ConcreteProductA.cxx">
      <Filter>Source Files</Filter>
    </ClCompile>
    <ClCompile Include="ConcreteProductB.cxx">
      <Filter>Source Files</Filter>
    </ClCompile>
    <ClCompile Include="ConcreteProductC.cxx">
      <Filter>Source Files</Filter>
    </ClCompile>
    <ClCompile Include="ConcreteCreatorA.cxx">
      <Filter>Source Files</Filter>
    </ClCompile>
    <ClCompile Include="AbstractCreator.cxx">
      <Filter>Source Files</Filter>
    </ClCompile>
    <ClCompile Include="ConcreteCreatorB.cxx">
      <Filter>Source Files</Filter>
    </ClCompile>
    <ClCompile Include="ConcreteCreatorC.cxx">
      <Filter>Source Files</Filter>
    </ClCompile>
  </ItemGroup>
  <ItemGroup>
    <ClInclude Include="AbstractProduct.h">
      <Filter>Header Files</Filter>
    </ClInclude>
    <ClInclude Include="AbstractCreator.h">
      <Filter>Header Files</Filter>
    </ClInclude>
    <ClInclude Include="ConcreteProductA.h">
      <Filter>Header Files</Filter>
    </ClInclude>
    <ClInclude Include="ConcreteProductB.h">
      <Filter>Header Files</Filter>
    </ClInclude>
    <ClInclude Include="ConcreteProductC.h">
      <Filter>Header Files</Filter>
    </ClInclude>
    <ClInclude Include="ConcreteCreatorA.h">
      <Filter>Header Files</Filter>
    </ClInclude>
    <ClInclude Include="ConcreteCreatorB.h">
      <Filter>Header Files</Filter>
    </ClInclude>
    <ClInclude Include="ConcreteCreatorC.h">
      <Filter>Header Files</Filter>
    </ClInclude>
  </ItemGroup>
</Project>